{
  "version": "5",
  "remote": {
    "https://esm.sh/@simplewebauthn/server@9.0.3?target=deno": "2d48a2956bd57893854741778cf3b4d0ae5693b9f09cb5a5ffb344fb0e971578",
    "https://esm.sh/@supabase/supabase-js@2.39.3?target=deno": "bc4d19544503a5b01cfe4f8cec6fd726db7320d24f3958c041bd866aa942db28",
    "https://esm.sh/jose@4.14.4?target=deno": "e3180f0161beaee50d1be233e4e181276b31bdd8b998301666ab23a9f8258f49"
  },
  "workspace": {
    "packageJson": {
      "dependencies": [
        "npm:@babel/core@^7.20.0",
        "npm:@expo-google-fonts/inter@~0.4.2",
        "npm:@expo-google-fonts/poppins@~0.4.1",
        "npm:@expo/vector-icons@^15.0.3",
        "npm:@gorhom/bottom-sheet@^5.2.8",
        "npm:@react-native-async-storage/async-storage@2.2.0",
        "npm:@react-navigation/drawer@^7.7.10",
        "npm:@react-navigation/native@^7.1.26",
        "npm:@supabase/supabase-js@^2.89.0",
        "npm:@tailwindcss/postcss@^4.1.13",
        "npm:@types/aes-js@^3.1.4",
        "npm:@types/react@~19.1.10",
        "npm:aes-js@^3.1.2",
        "npm:babel-preset-expo@^54.0.8",
        "npm:eslint-config-expo@10.0",
        "npm:eslint-config-prettier@^10.1.2",
        "npm:eslint@^9.25.1",
        "npm:expo-asset@~12.0.12",
        "npm:expo-auth-session@~7.0.10",
        "npm:expo-blur@~15.0.8",
        "npm:expo-build-properties@~1.0.10",
        "npm:expo-constants@~18.0.12",
        "npm:expo-crypto@~15.0.8",
        "npm:expo-font@~14.0.10",
        "npm:expo-image@~3.0.11",
        "npm:expo-linear-gradient@~15.0.8",
        "npm:expo-linking@~8.0.11",
        "npm:expo-router@~6.0.21",
        "npm:expo-secure-store@~15.0.8",
        "npm:expo-splash-screen@~31.0.13",
        "npm:expo-status-bar@~3.0.9",
        "npm:expo-system-ui@^6.0.9",
        "npm:expo-web-browser@~15.0.10",
        "npm:expo@~54.0.30",
        "npm:nanoid@^5.1.6",
        "npm:nativewind@preview",
        "npm:postcss@^8.5.6",
        "npm:prettier-plugin-tailwindcss@~0.6.14",
        "npm:prettier@^3.2.5",
        "npm:react-dom@19.1.0",
        "npm:react-native-css@latest",
        "npm:react-native-gesture-handler@2.28",
        "npm:react-native-get-random-values@1.11",
        "npm:react-native-reanimated@~4.1.1",
        "npm:react-native-safe-area-context@5.6",
        "npm:react-native-screens@^4.14.0",
        "npm:react-native-svg@15.12.1",
        "npm:react-native@0.81.5",
        "npm:react@19.1.0",
        "npm:tailwindcss@^4.1.13",
        "npm:typescript@~5.9.2",
        "npm:victory-native@^41.20.2",
        "npm:victory@^37.3.6",
        "npm:zustand@^5.0.9"
      ]
    }
  }
}
